
Microsoft Visual Studio Solution File, Format Version 11.00
# Visual Studio 2010
Project("{FAE04EC0-301F-11D3-BF4B-00C04F79EFBC}") = "Assembly-CSharp", "Assembly-CSharp.csproj", "{F7FCD48A-427A-4C81-E53D-F0B28522E3CE}"
EndProject
Project("{FAE04EC0-301F-11D3-BF4B-00C04F79EFBC}") = "Assembly-CSharp-Editor", "Assembly-CSharp-Editor.csproj", "{713C9B44-7D27-492C-0103-C19188A79397}"
EndProject
Global
	GlobalSection(SolutionConfigurationPlatforms) = preSolution
		Debug|Any CPU = Debug|Any CPU
		Release|Any CPU = Release|Any CPU
	EndGlobalSection
	GlobalSection(ProjectConfigurationPlatforms) = postSolution
		{F7FCD48A-427A-4C81-E53D-F0B28522E3CE}.Debug|Any CPU.ActiveCfg = Debug|Any CPU
		{F7FCD48A-427A-4C81-E53D-F0B28522E3CE}.Debug|Any CPU.Build.0 = Debug|Any CPU
		{F7FCD48A-427A-4C81-E53D-F0B28522E3CE}.Release|Any CPU.ActiveCfg = Release|Any CPU
		{F7FCD48A-427A-4C81-E53D-F0B28522E3CE}.Release|Any CPU.Build.0 = Release|Any CPU
		{713C9B44-7D27-492C-0103-C19188A79397}.Debug|Any CPU.ActiveCfg = Debug|Any CPU
		{713C9B44-7D27-492C-0103-C19188A79397}.Debug|Any CPU.Build.0 = Debug|Any CPU
		{713C9B44-7D27-492C-0103-C19188A79397}.Release|Any CPU.ActiveCfg = Release|Any CPU
		{713C9B44-7D27-492C-0103-C19188A79397}.Release|Any CPU.Build.0 = Release|Any CPU
	EndGlobalSection
	GlobalSection(SolutionProperties) = preSolution
		HideSolutionNode = FALSE
	EndGlobalSection
EndGlobal
